// !$*UTF8*$!
{
	archiveVersion = 1;
	classes = {
	};
	objectVersion = 46;
	objects = {

/* Begin PBXBuildFile section */
		FDACACA61AC21CB700B0516C /* main.m in Sources */ = {isa = PBXBuildFile; fileRef = FDACACA51AC21CB700B0516C /* main.m */; };
		FDACACA91AC21CB700B0516C /* AppDelegate.m in Sources */ = {isa = PBXBuildFile; fileRef = FDACACA81AC21CB700B0516C /* AppDelegate.m */; };
		FDACACAC1AC21CB700B0516C /* FirstViewController.m in Sources */ = {isa = PBXBuildFile; fileRef = FDACACAB1AC21CB700B0516C /* FirstViewController.m */; };
		FDACACAF1AC21CB700B0516C /* SecondViewController.m in Sources */ = {isa = PBXBuildFile; fileRef = FDACACAE1AC21CB700B0516C /* SecondViewController.m */; };
		FDACACB21AC21CB700B0516C /* Main.storyboard in Resources */ = {isa = PBXBuildFile; fileRef = FDACACB01AC21CB700B0516C /* Main.storyboard */; };
		FDACACB41AC21CB700B0516C /* Images.xcassets in Resources */ = {isa = PBXBuildFile; fileRef = FDACACB31AC21CB700B0516C /* Images.xcassets */; };
		FDACACB71AC21CB700B0516C /* LaunchScreen.xib in Resources */ = {isa = PBXBuildFile; fileRef = FDACACB51AC21CB700B0516C /* LaunchScreen.xib */; };
		FDACACC31AC21CB800B0516C /* ______1Tests.m in Sources */ = {isa = PBXBuildFile; fileRef = FDACACC21AC21CB800B0516C /* ______1Tests.m */; };
/* End PBXBuildFile section */

/* Begin PBXContainerItemProxy section */
		FDACACBD1AC21CB700B0516C /* PBXContainerItemProxy */ = {
			isa = PBXContainerItemProxy;
			containerPortal = FDACAC981AC21CB700B0516C /* Project object */;
			proxyType = 1;
			remoteGlobalIDString = FDACAC9F1AC21CB700B0516C;
			remoteInfo = "пример1";
		};
/* End PBXContainerItemProxy section */

/* Begin PBXFileReference section */
		FDACACA01AC21CB700B0516C /* пример1.app */ = {isa = PBXFileReference; explicitFileType = wrapper.application; includeInIndex = 0; path = "пример1.app"; sourceTree = BUILT_PRODUCTS_DIR; };
		FDACACA41AC21CB700B0516C /* Info.plist */ = {isa = PBXFileReference; lastKnownFileType = text.plist.xml; path = Info.plist; sourceTree = "<group>"; };
		FDACACA51AC21CB700B0516C /* main.m */ = {isa = PBXFileReference; lastKnownFileType = sourcecode.c.objc; path = main.m; sourceTree = "<group>"; };
		FDACACA71AC21CB700B0516C /* AppDelegate.h */ = {isa = PBXFileReference; lastKnownFileType = sourcecode.c.h; path = AppDelegate.h; sourceTree = "<group>"; };
		FDACACA81AC21CB700B0516C /* AppDelegate.m */ = {isa = PBXFileReference; lastKnownFileType = sourcecode.c.objc; path = AppDelegate.m; sourceTree = "<group>"; };
		FDACACAA1AC21CB700B0516C /* FirstViewController.h */ = {isa = PBXFileReference; lastKnownFileType = sourcecode.c.h; path = FirstViewController.h; sourceTree = "<group>"; };
		FDACACAB1AC21CB700B0516C /* FirstViewController.m */ = {isa = PBXFileReference; lastKnownFileType = sourcecode.c.objc; path = FirstViewController.m; sourceTree = "<group>"; };
		FDACACAD1AC21CB700B0516C /* SecondViewController.h */ = {isa = PBXFileReference; lastKnownFileType = sourcecode.c.h; path = SecondViewController.h; sourceTree = "<group>"; };
		FDACACAE1AC21CB700B0516C /* SecondViewController.m */ = {isa = PBXFileReference; lastKnownFileType = sourcecode.c.objc; path = SecondViewController.m; sourceTree = "<group>"; };
		FDACACB11AC21CB700B0516C /* Base */ = {isa = PBXFileReference; lastKnownFileType = file.storyboard; name = Base; path = Base.lproj/Main.storyboard; sourceTree = "<group>"; };
		FDACACB31AC21CB700B0516C /* Images.xcassets */ = {isa = PBXFileReference; lastKnownFileType = folder.assetcatalog; path = Images.xcassets; sourceTree = "<group>"; };
		FDACACB61AC21CB700B0516C /* Base */ = {isa = PBXFileReference; lastKnownFileType = file.xib; name = Base; path = Base.lproj/LaunchScreen.xib; sourceTree = "<group>"; };
		FDACACBC1AC21CB700B0516C /* пример1Tests.xctest */ = {isa = PBXFileReference; explicitFileType = wrapper.cfbundle; includeInIndex = 0; path = "пример1Tests.xctest"; sourceTree = BUILT_PRODUCTS_DIR; };
		FDACACC11AC21CB800B0516C /* Info.plist */ = {isa = PBXFileReference; lastKnownFileType = text.plist.xml; path = Info.plist; sourceTree = "<group>"; };
		FDACACC21AC21CB800B0516C /* ______1Tests.m */ = {isa = PBXFileReference; lastKnownFileType = sourcecode.c.objc; path = "______1Tests.m"; sourceTree = "<group>"; };
/* End PBXFileReference section */

/* Begin PBXFrameworksBuildPhase section */
		FDACAC9D1AC21CB700B0516C /* Frameworks */ = {
			isa = PBXFrameworksBuildPhase;
			buildActionMask = 2147483647;
			files = (
			);
			runOnlyForDeploymentPostprocessing = 0;
		};
		FDACACB91AC21CB700B0516C /* Frameworks */ = {
			isa = PBXFrameworksBuildPhase;
			buildActionMask = 2147483647;
			files = (
			);
			runOnlyForDeploymentPostprocessing = 0;
		};
/* End PBXFrameworksBuildPhase section */

/* Begin PBXGroup section */
		FDACAC971AC21CB700B0516C = {
			isa = PBXGroup;
			children = (
				FDACACA21AC21CB700B0516C /* пример1 */,
				FDACACBF1AC21CB700B0516C /* пример1Tests */,
				FDACACA11AC21CB700B0516C /* Products */,
			);
			sourceTree = "<group>";
		};
		FDACACA11AC21CB700B0516C /* Products */ = {
			isa = PBXGroup;
			children = (
				FDACACA01AC21CB700B0516C /* пример1.app */,
				FDACACBC1AC21CB700B0516C /* пример1Tests.xctest */,
			);
			name = Products;
			sourceTree = "<group>";
		};
		FDACACA21AC21CB700B0516C /* пример1 */ = {
			isa = PBXGroup;
			children = (
				FDACACA71AC21CB700B0516C /* AppDelegate.h */,
				FDACACA81AC21CB700B0516C /* AppDelegate.m */,
				FDACACAA1AC21CB700B0516C /* FirstViewController.h */,
				FDACACAB1AC21CB700B0516C /* FirstViewController.m */,
				FDACACAD1AC21CB700B0516C /* SecondViewController.h */,
				FDACACAE1AC21CB700B0516C /* SecondViewController.m */,
				FDACACB01AC21CB700B0516C /* Main.storyboard */,
				FDACACB31AC21CB700B0516C /* Images.xcassets */,
				FDACACB51AC21CB700B0516C /* LaunchScreen.xib */,
				FDACACA31AC21CB700B0516C /* Supporting Files */,
			);
			path = "пример1";
			sourceTree = "<group>";
		};
		FDACACA31AC21CB700B0516C /* Supporting Files */ = {
			isa = PBXGroup;
			children = (
				FDACACA41AC21CB700B0516C /* Info.plist */,
				FDACACA51AC21CB700B0516C /* main.m */,
			);
			name = "Supporting Files";
			sourceTree = "<group>";
		};
		FDACACBF1AC21CB700B0516C /* пример1Tests */ = {
			isa = PBXGroup;
			children = (
				FDACACC21AC21CB800B0516C /* ______1Tests.m */,
				FDACACC01AC21CB800B0516C /* Supporting Files */,
			);
			path = "пример1Tests";
			sourceTree = "<group>";
		};
		FDACACC01AC21CB800B0516C /* Supporting Files */ = {
			isa = PBXGroup;
			children = (
				FDACACC11AC21CB800B0516C /* Info.plist */,
			);
			name = "Supporting Files";
			sourceTree = "<group>";
		};
/* End PBXGroup section */

/* Begin PBXNativeTarget section */
		FDACAC9F1AC21CB700B0516C /* пример1 */ = {
			isa = PBXNativeTarget;
			buildConfigurationList = FDACACC61AC21CB800B0516C /* Build configuration list for PBXNativeTarget "пример1" */;
			buildPhases = (
				FDACAC9C1AC21CB700B0516C /* Sources */,
				FDACAC9D1AC21CB700B0516C /* Frameworks */,
				FDACAC9E1AC21CB700B0516C /* Resources */,
			);
			buildRules = (
			);
			dependencies = (
			);
			name = "пример1";
			productName = "пример1";
			productReference = FDACACA01AC21CB700B0516C /* пример1.app */;
			productType = "com.apple.product-type.application";
		};
		FDACACBB1AC21CB700B0516C /* пример1Tests */ = {
			isa = PBXNativeTarget;
			buildConfigurationList = FDACACC91AC21CB800B0516C /* Build configuration list for PBXNativeTarget "пример1Tests" */;
			buildPhases = (
				FDACACB81AC21CB700B0516C /* Sources */,
				FDACACB91AC21CB700B0516C /* Frameworks */,
				FDACACBA1AC21CB700B0516C /* Resources */,
			);
			buildRules = (
			);
			dependencies = (
				FDACACBE1AC21CB700B0516C /* PBXTargetDependency */,
			);
			name = "пример1Tests";
			productName = "пример1Tests";
			productReference = FDACACBC1AC21CB700B0516C /* пример1Tests.xctest */;
			productType = "com.apple.product-type.bundle.unit-test";
		};
/* End PBXNativeTarget section */

/* Begin PBXProject section */
		FDACAC981AC21CB700B0516C /* Project object */ = {
			isa = PBXProject;
			attributes = {
				LastUpgradeCheck = 0620;
				ORGANIZATIONNAME = Mac;
				TargetAttributes = {
					FDACAC9F1AC21CB700B0516C = {
						CreatedOnToolsVersion = 6.2;
					};
					FDACACBB1AC21CB700B0516C = {
						CreatedOnToolsVersion = 6.2;
						TestTargetID = FDACAC9F1AC21CB700B0516C;
					};
				};
			};
			buildConfigurationList = FDACAC9B1AC21CB700B0516C /* Build configuration list for PBXProject "пример1" */;
			compatibilityVersion = "Xcode 3.2";
			developmentRegion = English;
			hasScannedForEncodings = 0;
			knownRegions = (
				en,
				Base,
			);
			mainGroup = FDACAC971AC21CB700B0516C;
			productRefGroup = FDACACA11AC21CB700B0516C /* Products */;
			projectDirPath = "";
			projectRoot = "";
			targets = (
				FDACAC9F1AC21CB700B0516C /* пример1 */,
				FDACACBB1AC21CB700B0516C /* пример1Tests */,
			);
		};
/* End PBXProject section */

/* Begin PBXResourcesBuildPhase section */
		FDACAC9E1AC21CB700B0516C /* Resources */ = {
			isa = PBXResourcesBuildPhase;
			buildActionMask = 2147483647;
			files = (
				FDACACB21AC21CB700B0516C /* Main.storyboard in Resources */,
				FDACACB71AC21CB700B0516C /* LaunchScreen.xib in Resources */,
				FDACACB41AC21CB700B0516C /* Images.xcassets in Resources */,
			);
			runOnlyForDeploymentPostprocessing = 0;
		};
		FDACACBA1AC21CB700B0516C /* Resources */ = {
			isa = PBXResourcesBuildPhase;
			buildActionMask = 2147483647;
			files = (
			);
			runOnlyForDeploymentPostprocessing = 0;
		};
/* End PBXResourcesBuildPhase section */

/* Begin PBXSourcesBuildPhase section */
		FDACAC9C1AC21CB700B0516C /* Sources */ = {
			isa = PBXSourcesBuildPhase;
			buildActionMask = 2147483647;
			files = (
				FDACACAF1AC21CB700B0516C /* SecondViewController.m in Sources */,
				FDACACA91AC21CB700B0516C /* AppDelegate.m in Sources */,
				FDACACAC1AC21CB700B0516C /* FirstViewController.m in Sources */,
				FDACACA61AC21CB700B0516C /* main.m in Sources */,
			);
			runOnlyForDeploymentPostprocessing = 0;
		};
		FDACACB81AC21CB700B0516C /* Sources */ = {
			isa = PBXSourcesBuildPhase;
			buildActionMask = 2147483647;
			files = (
				FDACACC31AC21CB800B0516C /* ______1Tests.m in Sources */,
			);
			runOnlyForDeploymentPostprocessing = 0;
		};
/* End PBXSourcesBuildPhase section */

/* Begin PBXTargetDependency section */
		FDACACBE1AC21CB700B0516C /* PBXTargetDependency */ = {
			isa = PBXTargetDependency;
			target = FDACAC9F1AC21CB700B0516C /* пример1 */;
			targetProxy = FDACACBD1AC21CB700B0516C /* PBXContainerItemProxy */;
		};
/* End PBXTargetDependency section */

/* Begin PBXVariantGroup section */
		FDACACB01AC21CB700B0516C /* Main.storyboard */ = {
			isa = PBXVariantGroup;
			children = (
				FDACACB11AC21CB700B0516C /* Base */,
			);
			name = Main.storyboard;
			sourceTree = "<group>";
		};
		FDACACB51AC21CB700B0516C /* LaunchScreen.xib */ = {
			isa = PBXVariantGroup;
			children = (
				FDACACB61AC21CB700B0516C /* Base */,
			);
			name = LaunchScreen.xib;
			sourceTree = "<group>";
		};
/* End PBXVariantGroup section */

/* Begin XCBuildConfiguration section */
		FDACACC41AC21CB800B0516C /* Debug */ = {
			isa = XCBuildConfiguration;
			buildSettings = {
				ALWAYS_SEARCH_USER_PATHS = NO;
				CLANG_CXX_LANGUAGE_STANDARD = "gnu++0x";
				CLANG_CXX_LIBRARY = "libc++";
				CLANG_ENABLE_MODULES = YES;
				CLANG_ENABLE_OBJC_ARC = YES;
				CLANG_WARN_BOOL_CONVERSION = YES;
				CLANG_WARN_CONSTANT_CONVERSION = YES;
				CLANG_WARN_DIRECT_OBJC_ISA_USAGE = YES_ERROR;
				CLANG_WARN_EMPTY_BODY = YES;
				CLANG_WARN_ENUM_CONVERSION = YES;
				CLANG_WARN_INT_CONVERSION = YES;
				CLANG_WARN_OBJC_ROOT_CLASS = YES_ERROR;
				CLANG_WARN_UNREACHABLE_CODE = YES;
				CLANG_WARN__DUPLICATE_METHOD_MATCH = YES;
				"CODE_SIGN_IDENTITY[sdk=iphoneos*]" = "iPhone Developer";
				COPY_PHASE_STRIP = NO;
				ENABLE_STRICT_OBJC_MSGSEND = YES;
				GCC_C_LANGUAGE_STANDARD = gnu99;
				GCC_DYNAMIC_NO_PIC = NO;
				GCC_OPTIMIZATION_LEVEL = 0;
				GCC_PREPROCESSOR_DEFINITIONS = (
					"DEBUG=1",
					"$(inherited)",
				);
				GCC_SYMBOLS_PRIVATE_EXTERN = NO;
				GCC_WARN_64_TO_32_BIT_CONVERSION = YES;
				GCC_WARN_ABOUT_RETURN_TYPE = YES_ERROR;
				GCC_WARN_UNDECLARED_SELECTOR = YES;
				GCC_WARN_UNINITIALIZED_AUTOS = YES_AGGRESSIVE;
				GCC_WARN_UNUSED_FUNCTION = YES;
				GCC_WARN_UNUSED_VARIABLE = YES;
				IPHONEOS_DEPLOYMENT_TARGET = 8.2;
				MTL_ENABLE_DEBUG_INFO = YES;
				ONLY_ACTIVE_ARCH = YES;
				SDKROOT = iphoneos;
				TARGETED_DEVICE_FAMILY = "1,2";
			};
			name = Debug;
		};
		FDACACC51AC21CB800B0516C /* Release */ = {
			isa = XCBuildConfiguration;
			buildSettings = {
				ALWAYS_SEARCH_USER_PATHS = NO;
				CLANG_CXX_LANGUAGE_STANDARD = "gnu++0x";
				CLANG_CXX_LIBRARY = "libc++";
				CLANG_ENABLE_MODULES = YES;
				CLANG_ENABLE_OBJC_ARC = YES;
				CLANG_WARN_BOOL_CONVERSION = YES;
				CLANG_WARN_CONSTANT_CONVERSION = YES;
				CLANG_WARN_DIRECT_OBJC_ISA_USAGE = YES_ERROR;
				CLANG_WARN_EMPTY_BODY = YES;
				CLANG_WARN_ENUM_CONVERSION = YES;
				CLANG_WARN_INT_CONVERSION = YES;
				CLANG_WARN_OBJC_ROOT_CLASS = YES_ERROR;
				CLANG_WARN_UNREACHABLE_CODE = YES;
				CLANG_WARN__DUPLICATE_METHOD_MATCH = YES;
				"CODE_SIGN_IDENTITY[sdk=iphoneos*]" = "iPhone Developer";
				COPY_PHASE_STRIP = NO;
				ENABLE_NS_ASSERTIONS = NO;
				ENABLE_STRICT_OBJC_MSGSEND = YES;
				GCC_C_LANGUAGE_STANDARD = gnu99;
				GCC_WARN_64_TO_32_BIT_CONVERSION = YES;
				GCC_WARN_ABOUT_RETURN_TYPE = YES_ERROR;
				GCC_WARN_UNDECLARED_SELECTOR = YES;
				GCC_WARN_UNINITIALIZED_AUTOS = YES_AGGRESSIVE;
				GCC_WARN_UNUSED_FUNCTION = YES;
				GCC_WARN_UNUSED_VARIABLE = YES;
				IPHONEOS_DEPLOYMENT_TARGET = 8.2;
				MTL_ENABLE_DEBUG_INFO = NO;
				SDKROOT = iphoneos;
				TARGETED_DEVICE_FAMILY = "1,2";
				VALIDATE_PRODUCT = YES;
			};
			name = Release;
		};
		FDACACC71AC21CB800B0516C /* Debug */ = {
			isa = XCBuildConfiguration;
			buildSettings = {
				ASSETCATALOG_COMPILER_APPICON_NAME = AppIcon;
				INFOPLIST_FILE = "пример1/Info.plist";
				LD_RUNPATH_SEARCH_PATHS = "$(inherited) @executable_path/Frameworks";
				PRODUCT_NAME = "$(TARGET_NAME)";
			};
			name = Debug;
		};
		FDACACC81AC21CB800B0516C /* Release */ = {
			isa = XCBuildConfiguration;
			buildSettings = {
				ASSETCATALOG_COMPILER_APPICON_NAME = AppIcon;
				INFOPLIST_FILE = "пример1/Info.plist";
				LD_RUNPATH_SEARCH_PATHS = "$(inherited) @executable_path/Frameworks";
				PRODUCT_NAME = "$(TARGET_NAME)";
			};
			name = Release;
		};
		FDACACCA1AC21CB800B0516C /* Debug */ = {
			isa = XCBuildConfiguration;
			buildSettings = {
				BUNDLE_LOADER = "$(TEST_HOST)";
				FRAMEWORK_SEARCH_PATHS = (
					"$(SDKROOT)/Developer/Library/Frameworks",
					"$(inherited)",
				);
				GCC_PREPROCESSOR_DEFINITIONS = (
					"DEBUG=1",
					"$(inherited)",
				);
				INFOPLIST_FILE = "пример1Tests/Info.plist";
				LD_RUNPATH_SEARCH_PATHS = "$(inherited) @executable_path/Frameworks @loader_path/Frameworks";
				PRODUCT_NAME = "$(TARGET_NAME)";
				TEST_HOST = "$(BUILT_PRODUCTS_DIR)/пример1.app/пример1";
			};
			name = Debug;
		};
		FDACACCB1AC21CB800B0516C /* Release */ = {
			isa = XCBuildConfiguration;
			buildSettings = {
				BUNDLE_LOADER = "$(TEST_HOST)";
				FRAMEWORK_SEARCH_PATHS = (
					"$(SDKROOT)/Developer/Library/Frameworks",
					"$(inherited)",
				);
				INFOPLIST_FILE = "пример1Tests/Info.plist";
				LD_RUNPATH_SEARCH_PATHS = "$(inherited) @executable_path/Frameworks @loader_path/Frameworks";
				PRODUCT_NAME = "$(TARGET_NAME)";
				TEST_HOST = "$(BUILT_PRODUCTS_DIR)/пример1.app/пример1";
			};
			name = Release;
		};
/* End XCBuildConfiguration section */

/* Begin XCConfigurationList section */
		FDACAC9B1AC21CB700B0516C /* Build configuration list for PBXProject "пример1" */ = {
			isa = XCConfigurationList;
			buildConfigurations = (
				FDACACC41AC21CB800B0516C /* Debug */,
				FDACACC51AC21CB800B0516C /* Release */,
			);
			defaultConfigurationIsVisible = 0;
			defaultConfigurationName = Release;
		};
		FDACACC61AC21CB800B0516C /* Build configuration list for PBXNativeTarget "пример1" */ = {
			isa = XCConfigurationList;
			buildConfigurations = (
				FDACACC71AC21CB800B0516C /* Debug */,
				FDACACC81AC21CB800B0516C /* Release */,
			);
			defaultConfigurationIsVisible = 0;
		};
		FDACACC91AC21CB800B0516C /* Build configuration list for PBXNativeTarget "пример1Tests" */ = {
			isa = XCConfigurationList;
			buildConfigurations = (
				FDACACCA1AC21CB800B0516C /* Debug */,
				FDACACCB1AC21CB800B0516C /* Release */,
			);
			defaultConfigurationIsVisible = 0;
		};
/* End XCConfigurationList section */
	};
	rootObject = FDACAC981AC21CB700B0516C /* Project object */;
}
