// !$*UTF8*$!
{
	archiveVersion = 1;
	classes = {
	};
	objectVersion = 46;
	objects = {

/* Begin PBXBuildFile section */
		FD3624AE1B1B222C00AEE687 /* main.m in Sources */ = {isa = PBXBuildFile; fileRef = FD3624AD1B1B222C00AEE687 /* main.m */; };
		FD3624B11B1B222C00AEE687 /* AppDelegate.m in Sources */ = {isa = PBXBuildFile; fileRef = FD3624B01B1B222C00AEE687 /* AppDelegate.m */; };
		FD3624B41B1B222C00AEE687 /* API_Project.xcdatamodeld in Sources */ = {isa = PBXBuildFile; fileRef = FD3624B21B1B222C00AEE687 /* API_Project.xcdatamodeld */; };
		FD3624B71B1B222C00AEE687 /* ViewController.m in Sources */ = {isa = PBXBuildFile; fileRef = FD3624B61B1B222C00AEE687 /* ViewController.m */; };
		FD3624BA1B1B222C00AEE687 /* Main.storyboard in Resources */ = {isa = PBXBuildFile; fileRef = FD3624B81B1B222C00AEE687 /* Main.storyboard */; };
		FD3624BC1B1B222C00AEE687 /* Images.xcassets in Resources */ = {isa = PBXBuildFile; fileRef = FD3624BB1B1B222C00AEE687 /* Images.xcassets */; };
		FD3624BF1B1B222C00AEE687 /* LaunchScreen.xib in Resources */ = {isa = PBXBuildFile; fileRef = FD3624BD1B1B222C00AEE687 /* LaunchScreen.xib */; };
		FD3624CB1B1B222D00AEE687 /* API_ProjectTests.m in Sources */ = {isa = PBXBuildFile; fileRef = FD3624CA1B1B222D00AEE687 /* API_ProjectTests.m */; };
		FD3624E81B1B38A700AEE687 /* MessageModel.m in Sources */ = {isa = PBXBuildFile; fileRef = FD3624E71B1B38A700AEE687 /* MessageModel.m */; };
		FD3624EC1B1B426300AEE687 /* MessegesViewController.m in Sources */ = {isa = PBXBuildFile; fileRef = FD3624EB1B1B426300AEE687 /* MessegesViewController.m */; };
		FD3624EF1B1B50FE00AEE687 /* Wall.m in Sources */ = {isa = PBXBuildFile; fileRef = FD3624EE1B1B50FE00AEE687 /* Wall.m */; };
		FD3624F21B1B50FF00AEE687 /* User.m in Sources */ = {isa = PBXBuildFile; fileRef = FD3624F11B1B50FF00AEE687 /* User.m */; };
		FD3624F51B1B5B6F00AEE687 /* NSManagedObjectContext+Default.m in Sources */ = {isa = PBXBuildFile; fileRef = FD3624F41B1B5B6F00AEE687 /* NSManagedObjectContext+Default.m */; };
		FD3624F81B1B660C00AEE687 /* MessegeTableViewCell.m in Sources */ = {isa = PBXBuildFile; fileRef = FD3624F71B1B660C00AEE687 /* MessegeTableViewCell.m */; };
/* End PBXBuildFile section */

/* Begin PBXContainerItemProxy section */
		FD3624C51B1B222C00AEE687 /* PBXContainerItemProxy */ = {
			isa = PBXContainerItemProxy;
			containerPortal = FD3624A01B1B222C00AEE687 /* Project object */;
			proxyType = 1;
			remoteGlobalIDString = FD3624A71B1B222C00AEE687;
			remoteInfo = "API Project";
		};
		FD3624DD1B1B341500AEE687 /* PBXContainerItemProxy */ = {
			isa = PBXContainerItemProxy;
			containerPortal = FD3624D51B1B341400AEE687 /* SDWebImage.xcodeproj */;
			proxyType = 2;
			remoteGlobalIDString = 53761325155AD0D5005750A4;
			remoteInfo = SDWebImage;
		};
		FD3624DF1B1B341500AEE687 /* PBXContainerItemProxy */ = {
			isa = PBXContainerItemProxy;
			containerPortal = FD3624D51B1B341400AEE687 /* SDWebImage.xcodeproj */;
			proxyType = 2;
			remoteGlobalIDString = 537D95C117ECC1FE0097C263;
			remoteInfo = "SDWebImage+WebP";
		};
		FD3624E11B1B341500AEE687 /* PBXContainerItemProxy */ = {
			isa = PBXContainerItemProxy;
			containerPortal = FD3624D51B1B341400AEE687 /* SDWebImage.xcodeproj */;
			proxyType = 2;
			remoteGlobalIDString = 531041E0157EAFA400BBABC3;
			remoteInfo = "SDWebImage+MKAnnotation";
		};
		FD3624E31B1B341500AEE687 /* PBXContainerItemProxy */ = {
			isa = PBXContainerItemProxy;
			containerPortal = FD3624D51B1B341400AEE687 /* SDWebImage.xcodeproj */;
			proxyType = 2;
			remoteGlobalIDString = 4A2CADFF1AB4BB5300B6BC39;
			remoteInfo = WebImage;
		};
/* End PBXContainerItemProxy section */

/* Begin PBXFileReference section */
		FD3624A81B1B222C00AEE687 /* API Project.app */ = {isa = PBXFileReference; explicitFileType = wrapper.application; includeInIndex = 0; path = "API Project.app"; sourceTree = BUILT_PRODUCTS_DIR; };
		FD3624AC1B1B222C00AEE687 /* Info.plist */ = {isa = PBXFileReference; lastKnownFileType = text.plist.xml; path = Info.plist; sourceTree = "<group>"; };
		FD3624AD1B1B222C00AEE687 /* main.m */ = {isa = PBXFileReference; lastKnownFileType = sourcecode.c.objc; path = main.m; sourceTree = "<group>"; };
		FD3624AF1B1B222C00AEE687 /* AppDelegate.h */ = {isa = PBXFileReference; lastKnownFileType = sourcecode.c.h; path = AppDelegate.h; sourceTree = "<group>"; };
		FD3624B01B1B222C00AEE687 /* AppDelegate.m */ = {isa = PBXFileReference; lastKnownFileType = sourcecode.c.objc; path = AppDelegate.m; sourceTree = "<group>"; };
		FD3624B31B1B222C00AEE687 /* API_Project.xcdatamodel */ = {isa = PBXFileReference; lastKnownFileType = wrapper.xcdatamodel; path = API_Project.xcdatamodel; sourceTree = "<group>"; };
		FD3624B51B1B222C00AEE687 /* ViewController.h */ = {isa = PBXFileReference; lastKnownFileType = sourcecode.c.h; path = ViewController.h; sourceTree = "<group>"; };
		FD3624B61B1B222C00AEE687 /* ViewController.m */ = {isa = PBXFileReference; lastKnownFileType = sourcecode.c.objc; path = ViewController.m; sourceTree = "<group>"; };
		FD3624B91B1B222C00AEE687 /* Base */ = {isa = PBXFileReference; lastKnownFileType = file.storyboard; name = Base; path = Base.lproj/Main.storyboard; sourceTree = "<group>"; };
		FD3624BB1B1B222C00AEE687 /* Images.xcassets */ = {isa = PBXFileReference; lastKnownFileType = folder.assetcatalog; path = Images.xcassets; sourceTree = "<group>"; };
		FD3624BE1B1B222C00AEE687 /* Base */ = {isa = PBXFileReference; lastKnownFileType = file.xib; name = Base; path = Base.lproj/LaunchScreen.xib; sourceTree = "<group>"; };
		FD3624C41B1B222C00AEE687 /* API ProjectTests.xctest */ = {isa = PBXFileReference; explicitFileType = wrapper.cfbundle; includeInIndex = 0; path = "API ProjectTests.xctest"; sourceTree = BUILT_PRODUCTS_DIR; };
		FD3624C91B1B222C00AEE687 /* Info.plist */ = {isa = PBXFileReference; lastKnownFileType = text.plist.xml; path = Info.plist; sourceTree = "<group>"; };
		FD3624CA1B1B222D00AEE687 /* API_ProjectTests.m */ = {isa = PBXFileReference; lastKnownFileType = sourcecode.c.objc; path = API_ProjectTests.m; sourceTree = "<group>"; };
		FD3624D51B1B341400AEE687 /* SDWebImage.xcodeproj */ = {isa = PBXFileReference; lastKnownFileType = "wrapper.pb-project"; name = SDWebImage.xcodeproj; path = ../../Thirdparty2/SDWebImadge/SDWebImage.xcodeproj; sourceTree = "<group>"; };
		FD3624E61B1B38A700AEE687 /* MessageModel.h */ = {isa = PBXFileReference; fileEncoding = 4; lastKnownFileType = sourcecode.c.h; path = MessageModel.h; sourceTree = "<group>"; };
		FD3624E71B1B38A700AEE687 /* MessageModel.m */ = {isa = PBXFileReference; fileEncoding = 4; lastKnownFileType = sourcecode.c.objc; path = MessageModel.m; sourceTree = "<group>"; };
		FD3624EA1B1B426300AEE687 /* MessegesViewController.h */ = {isa = PBXFileReference; fileEncoding = 4; lastKnownFileType = sourcecode.c.h; path = MessegesViewController.h; sourceTree = "<group>"; };
		FD3624EB1B1B426300AEE687 /* MessegesViewController.m */ = {isa = PBXFileReference; fileEncoding = 4; lastKnownFileType = sourcecode.c.objc; path = MessegesViewController.m; sourceTree = "<group>"; };
		FD3624ED1B1B50FE00AEE687 /* Wall.h */ = {isa = PBXFileReference; fileEncoding = 4; lastKnownFileType = sourcecode.c.h; path = Wall.h; sourceTree = "<group>"; };
		FD3624EE1B1B50FE00AEE687 /* Wall.m */ = {isa = PBXFileReference; fileEncoding = 4; lastKnownFileType = sourcecode.c.objc; path = Wall.m; sourceTree = "<group>"; };
		FD3624F01B1B50FF00AEE687 /* User.h */ = {isa = PBXFileReference; fileEncoding = 4; lastKnownFileType = sourcecode.c.h; path = User.h; sourceTree = "<group>"; };
		FD3624F11B1B50FF00AEE687 /* User.m */ = {isa = PBXFileReference; fileEncoding = 4; lastKnownFileType = sourcecode.c.objc; path = User.m; sourceTree = "<group>"; };
		FD3624F31B1B5B6F00AEE687 /* NSManagedObjectContext+Default.h */ = {isa = PBXFileReference; fileEncoding = 4; lastKnownFileType = sourcecode.c.h; name = "NSManagedObjectContext+Default.h"; path = "../NSManagedObjectContext+Default.h"; sourceTree = "<group>"; };
		FD3624F41B1B5B6F00AEE687 /* NSManagedObjectContext+Default.m */ = {isa = PBXFileReference; fileEncoding = 4; lastKnownFileType = sourcecode.c.objc; name = "NSManagedObjectContext+Default.m"; path = "../NSManagedObjectContext+Default.m"; sourceTree = "<group>"; };
		FD3624F61B1B660C00AEE687 /* MessegeTableViewCell.h */ = {isa = PBXFileReference; fileEncoding = 4; lastKnownFileType = sourcecode.c.h; path = MessegeTableViewCell.h; sourceTree = "<group>"; };
		FD3624F71B1B660C00AEE687 /* MessegeTableViewCell.m */ = {isa = PBXFileReference; fileEncoding = 4; lastKnownFileType = sourcecode.c.objc; path = MessegeTableViewCell.m; sourceTree = "<group>"; };
/* End PBXFileReference section */

/* Begin PBXFrameworksBuildPhase section */
		FD3624A51B1B222C00AEE687 /* Frameworks */ = {
			isa = PBXFrameworksBuildPhase;
			buildActionMask = 2147483647;
			files = (
			);
			runOnlyForDeploymentPostprocessing = 0;
		};
		FD3624C11B1B222C00AEE687 /* Frameworks */ = {
			isa = PBXFrameworksBuildPhase;
			buildActionMask = 2147483647;
			files = (
			);
			runOnlyForDeploymentPostprocessing = 0;
		};
/* End PBXFrameworksBuildPhase section */

/* Begin PBXGroup section */
		FD36249F1B1B222C00AEE687 = {
			isa = PBXGroup;
			children = (
				FD3624E91B1B423A00AEE687 /*  UI */,
				FD3624E51B1B385F00AEE687 /* Model */,
				FD3624D51B1B341400AEE687 /* SDWebImage.xcodeproj */,
				FD3624AA1B1B222C00AEE687 /* API Project */,
				FD3624C71B1B222C00AEE687 /* API ProjectTests */,
				FD3624A91B1B222C00AEE687 /* Products */,
			);
			sourceTree = "<group>";
		};
		FD3624A91B1B222C00AEE687 /* Products */ = {
			isa = PBXGroup;
			children = (
				FD3624A81B1B222C00AEE687 /* API Project.app */,
				FD3624C41B1B222C00AEE687 /* API ProjectTests.xctest */,
			);
			name = Products;
			sourceTree = "<group>";
		};
		FD3624AA1B1B222C00AEE687 /* API Project */ = {
			isa = PBXGroup;
			children = (
				FD3624AF1B1B222C00AEE687 /* AppDelegate.h */,
				FD3624B01B1B222C00AEE687 /* AppDelegate.m */,
				FD3624B51B1B222C00AEE687 /* ViewController.h */,
				FD3624B61B1B222C00AEE687 /* ViewController.m */,
				FD3624F31B1B5B6F00AEE687 /* NSManagedObjectContext+Default.h */,
				FD3624F41B1B5B6F00AEE687 /* NSManagedObjectContext+Default.m */,
				FD3624B81B1B222C00AEE687 /* Main.storyboard */,
				FD3624BB1B1B222C00AEE687 /* Images.xcassets */,
				FD3624BD1B1B222C00AEE687 /* LaunchScreen.xib */,
				FD3624B21B1B222C00AEE687 /* API_Project.xcdatamodeld */,
				FD3624F01B1B50FF00AEE687 /* User.h */,
				FD3624F11B1B50FF00AEE687 /* User.m */,
				FD3624ED1B1B50FE00AEE687 /* Wall.h */,
				FD3624EE1B1B50FE00AEE687 /* Wall.m */,
				FD3624AB1B1B222C00AEE687 /* Supporting Files */,
			);
			path = "API Project";
			sourceTree = "<group>";
		};
		FD3624AB1B1B222C00AEE687 /* Supporting Files */ = {
			isa = PBXGroup;
			children = (
				FD3624AC1B1B222C00AEE687 /* Info.plist */,
				FD3624AD1B1B222C00AEE687 /* main.m */,
			);
			name = "Supporting Files";
			sourceTree = "<group>";
		};
		FD3624C71B1B222C00AEE687 /* API ProjectTests */ = {
			isa = PBXGroup;
			children = (
				FD3624CA1B1B222D00AEE687 /* API_ProjectTests.m */,
				FD3624C81B1B222C00AEE687 /* Supporting Files */,
			);
			path = "API ProjectTests";
			sourceTree = "<group>";
		};
		FD3624C81B1B222C00AEE687 /* Supporting Files */ = {
			isa = PBXGroup;
			children = (
				FD3624C91B1B222C00AEE687 /* Info.plist */,
			);
			name = "Supporting Files";
			sourceTree = "<group>";
		};
		FD3624D61B1B341400AEE687 /* Products */ = {
			isa = PBXGroup;
			children = (
				FD3624DE1B1B341500AEE687 /* libSDWebImage.a */,
				FD3624E01B1B341500AEE687 /* libSDWebImage+WebP.a */,
				FD3624E21B1B341500AEE687 /* libSDWebImage+MKAnnotation.a */,
				FD3624E41B1B341500AEE687 /* WebImage.framework */,
			);
			name = Products;
			sourceTree = "<group>";
		};
		FD3624E51B1B385F00AEE687 /* Model */ = {
			isa = PBXGroup;
			children = (
				FD3624E61B1B38A700AEE687 /* MessageModel.h */,
				FD3624E71B1B38A700AEE687 /* MessageModel.m */,
			);
			name = Model;
			sourceTree = "<group>";
		};
		FD3624E91B1B423A00AEE687 /*  UI */ = {
			isa = PBXGroup;
			children = (
				FD3624EA1B1B426300AEE687 /* MessegesViewController.h */,
				FD3624EB1B1B426300AEE687 /* MessegesViewController.m */,
				FD3624F61B1B660C00AEE687 /* MessegeTableViewCell.h */,
				FD3624F71B1B660C00AEE687 /* MessegeTableViewCell.m */,
			);
			name = " UI";
			sourceTree = "<group>";
		};
/* End PBXGroup section */

/* Begin PBXNativeTarget section */
		FD3624A71B1B222C00AEE687 /* API Project */ = {
			isa = PBXNativeTarget;
			buildConfigurationList = FD3624CE1B1B222D00AEE687 /* Build configuration list for PBXNativeTarget "API Project" */;
			buildPhases = (
				FD3624A41B1B222C00AEE687 /* Sources */,
				FD3624A51B1B222C00AEE687 /* Frameworks */,
				FD3624A61B1B222C00AEE687 /* Resources */,
			);
			buildRules = (
			);
			dependencies = (
			);
			name = "API Project";
			productName = "API Project";
			productReference = FD3624A81B1B222C00AEE687 /* API Project.app */;
			productType = "com.apple.product-type.application";
		};
		FD3624C31B1B222C00AEE687 /* API ProjectTests */ = {
			isa = PBXNativeTarget;
			buildConfigurationList = FD3624D11B1B222D00AEE687 /* Build configuration list for PBXNativeTarget "API ProjectTests" */;
			buildPhases = (
				FD3624C01B1B222C00AEE687 /* Sources */,
				FD3624C11B1B222C00AEE687 /* Frameworks */,
				FD3624C21B1B222C00AEE687 /* Resources */,
			);
			buildRules = (
			);
			dependencies = (
				FD3624C61B1B222C00AEE687 /* PBXTargetDependency */,
			);
			name = "API ProjectTests";
			productName = "API ProjectTests";
			productReference = FD3624C41B1B222C00AEE687 /* API ProjectTests.xctest */;
			productType = "com.apple.product-type.bundle.unit-test";
		};
/* End PBXNativeTarget section */

/* Begin PBXProject section */
		FD3624A01B1B222C00AEE687 /* Project object */ = {
			isa = PBXProject;
			attributes = {
				LastUpgradeCheck = 0630;
				ORGANIZATIONNAME = Mac;
				TargetAttributes = {
					FD3624A71B1B222C00AEE687 = {
						CreatedOnToolsVersion = 6.3.2;
					};
					FD3624C31B1B222C00AEE687 = {
						CreatedOnToolsVersion = 6.3.2;
						TestTargetID = FD3624A71B1B222C00AEE687;
					};
				};
			};
			buildConfigurationList = FD3624A31B1B222C00AEE687 /* Build configuration list for PBXProject "API Project" */;
			compatibilityVersion = "Xcode 3.2";
			developmentRegion = English;
			hasScannedForEncodings = 0;
			knownRegions = (
				en,
				Base,
			);
			mainGroup = FD36249F1B1B222C00AEE687;
			productRefGroup = FD3624A91B1B222C00AEE687 /* Products */;
			projectDirPath = "";
			projectReferences = (
				{
					ProductGroup = FD3624D61B1B341400AEE687 /* Products */;
					ProjectRef = FD3624D51B1B341400AEE687 /* SDWebImage.xcodeproj */;
				},
			);
			projectRoot = "";
			targets = (
				FD3624A71B1B222C00AEE687 /* API Project */,
				FD3624C31B1B222C00AEE687 /* API ProjectTests */,
			);
		};
/* End PBXProject section */

/* Begin PBXReferenceProxy section */
		FD3624DE1B1B341500AEE687 /* libSDWebImage.a */ = {
			isa = PBXReferenceProxy;
			fileType = archive.ar;
			path = libSDWebImage.a;
			remoteRef = FD3624DD1B1B341500AEE687 /* PBXContainerItemProxy */;
			sourceTree = BUILT_PRODUCTS_DIR;
		};
		FD3624E01B1B341500AEE687 /* libSDWebImage+WebP.a */ = {
			isa = PBXReferenceProxy;
			fileType = archive.ar;
			path = "libSDWebImage+WebP.a";
			remoteRef = FD3624DF1B1B341500AEE687 /* PBXContainerItemProxy */;
			sourceTree = BUILT_PRODUCTS_DIR;
		};
		FD3624E21B1B341500AEE687 /* libSDWebImage+MKAnnotation.a */ = {
			isa = PBXReferenceProxy;
			fileType = archive.ar;
			path = "libSDWebImage+MKAnnotation.a";
			remoteRef = FD3624E11B1B341500AEE687 /* PBXContainerItemProxy */;
			sourceTree = BUILT_PRODUCTS_DIR;
		};
		FD3624E41B1B341500AEE687 /* WebImage.framework */ = {
			isa = PBXReferenceProxy;
			fileType = wrapper.framework;
			path = WebImage.framework;
			remoteRef = FD3624E31B1B341500AEE687 /* PBXContainerItemProxy */;
			sourceTree = BUILT_PRODUCTS_DIR;
		};
/* End PBXReferenceProxy section */

/* Begin PBXResourcesBuildPhase section */
		FD3624A61B1B222C00AEE687 /* Resources */ = {
			isa = PBXResourcesBuildPhase;
			buildActionMask = 2147483647;
			files = (
				FD3624BA1B1B222C00AEE687 /* Main.storyboard in Resources */,
				FD3624BF1B1B222C00AEE687 /* LaunchScreen.xib in Resources */,
				FD3624BC1B1B222C00AEE687 /* Images.xcassets in Resources */,
			);
			runOnlyForDeploymentPostprocessing = 0;
		};
		FD3624C21B1B222C00AEE687 /* Resources */ = {
			isa = PBXResourcesBuildPhase;
			buildActionMask = 2147483647;
			files = (
			);
			runOnlyForDeploymentPostprocessing = 0;
		};
/* End PBXResourcesBuildPhase section */

/* Begin PBXSourcesBuildPhase section */
		FD3624A41B1B222C00AEE687 /* Sources */ = {
			isa = PBXSourcesBuildPhase;
			buildActionMask = 2147483647;
			files = (
				FD3624F21B1B50FF00AEE687 /* User.m in Sources */,
				FD3624EC1B1B426300AEE687 /* MessegesViewController.m in Sources */,
				FD3624B11B1B222C00AEE687 /* AppDelegate.m in Sources */,
				FD3624F51B1B5B6F00AEE687 /* NSManagedObjectContext+Default.m in Sources */,
				FD3624AE1B1B222C00AEE687 /* main.m in Sources */,
				FD3624F81B1B660C00AEE687 /* MessegeTableViewCell.m in Sources */,
				FD3624E81B1B38A700AEE687 /* MessageModel.m in Sources */,
				FD3624B71B1B222C00AEE687 /* ViewController.m in Sources */,
				FD3624EF1B1B50FE00AEE687 /* Wall.m in Sources */,
				FD3624B41B1B222C00AEE687 /* API_Project.xcdatamodeld in Sources */,
			);
			runOnlyForDeploymentPostprocessing = 0;
		};
		FD3624C01B1B222C00AEE687 /* Sources */ = {
			isa = PBXSourcesBuildPhase;
			buildActionMask = 2147483647;
			files = (
				FD3624CB1B1B222D00AEE687 /* API_ProjectTests.m in Sources */,
			);
			runOnlyForDeploymentPostprocessing = 0;
		};
/* End PBXSourcesBuildPhase section */

/* Begin PBXTargetDependency section */
		FD3624C61B1B222C00AEE687 /* PBXTargetDependency */ = {
			isa = PBXTargetDependency;
			target = FD3624A71B1B222C00AEE687 /* API Project */;
			targetProxy = FD3624C51B1B222C00AEE687 /* PBXContainerItemProxy */;
		};
/* End PBXTargetDependency section */

/* Begin PBXVariantGroup section */
		FD3624B81B1B222C00AEE687 /* Main.storyboard */ = {
			isa = PBXVariantGroup;
			children = (
				FD3624B91B1B222C00AEE687 /* Base */,
			);
			name = Main.storyboard;
			sourceTree = "<group>";
		};
		FD3624BD1B1B222C00AEE687 /* LaunchScreen.xib */ = {
			isa = PBXVariantGroup;
			children = (
				FD3624BE1B1B222C00AEE687 /* Base */,
			);
			name = LaunchScreen.xib;
			sourceTree = "<group>";
		};
/* End PBXVariantGroup section */

/* Begin XCBuildConfiguration section */
		FD3624CC1B1B222D00AEE687 /* Debug */ = {
			isa = XCBuildConfiguration;
			buildSettings = {
				ALWAYS_SEARCH_USER_PATHS = NO;
				CLANG_CXX_LANGUAGE_STANDARD = "gnu++0x";
				CLANG_CXX_LIBRARY = "libc++";
				CLANG_ENABLE_MODULES = YES;
				CLANG_ENABLE_OBJC_ARC = YES;
				CLANG_WARN_BOOL_CONVERSION = YES;
				CLANG_WARN_CONSTANT_CONVERSION = YES;
				CLANG_WARN_DIRECT_OBJC_ISA_USAGE = YES_ERROR;
				CLANG_WARN_EMPTY_BODY = YES;
				CLANG_WARN_ENUM_CONVERSION = YES;
				CLANG_WARN_INT_CONVERSION = YES;
				CLANG_WARN_OBJC_ROOT_CLASS = YES_ERROR;
				CLANG_WARN_UNREACHABLE_CODE = YES;
				CLANG_WARN__DUPLICATE_METHOD_MATCH = YES;
				"CODE_SIGN_IDENTITY[sdk=iphoneos*]" = "iPhone Developer";
				COPY_PHASE_STRIP = NO;
				DEBUG_INFORMATION_FORMAT = "dwarf-with-dsym";
				ENABLE_STRICT_OBJC_MSGSEND = YES;
				GCC_C_LANGUAGE_STANDARD = gnu99;
				GCC_DYNAMIC_NO_PIC = NO;
				GCC_NO_COMMON_BLOCKS = YES;
				GCC_OPTIMIZATION_LEVEL = 0;
				GCC_PREPROCESSOR_DEFINITIONS = (
					"DEBUG=1",
					"$(inherited)",
				);
				GCC_SYMBOLS_PRIVATE_EXTERN = NO;
				GCC_WARN_64_TO_32_BIT_CONVERSION = YES;
				GCC_WARN_ABOUT_RETURN_TYPE = YES_ERROR;
				GCC_WARN_UNDECLARED_SELECTOR = YES;
				GCC_WARN_UNINITIALIZED_AUTOS = YES_AGGRESSIVE;
				GCC_WARN_UNUSED_FUNCTION = YES;
				GCC_WARN_UNUSED_VARIABLE = YES;
				IPHONEOS_DEPLOYMENT_TARGET = 8.3;
				MTL_ENABLE_DEBUG_INFO = YES;
				ONLY_ACTIVE_ARCH = YES;
				SDKROOT = iphoneos;
			};
			name = Debug;
		};
		FD3624CD1B1B222D00AEE687 /* Release */ = {
			isa = XCBuildConfiguration;
			buildSettings = {
				ALWAYS_SEARCH_USER_PATHS = NO;
				CLANG_CXX_LANGUAGE_STANDARD = "gnu++0x";
				CLANG_CXX_LIBRARY = "libc++";
				CLANG_ENABLE_MODULES = YES;
				CLANG_ENABLE_OBJC_ARC = YES;
				CLANG_WARN_BOOL_CONVERSION = YES;
				CLANG_WARN_CONSTANT_CONVERSION = YES;
				CLANG_WARN_DIRECT_OBJC_ISA_USAGE = YES_ERROR;
				CLANG_WARN_EMPTY_BODY = YES;
				CLANG_WARN_ENUM_CONVERSION = YES;
				CLANG_WARN_INT_CONVERSION = YES;
				CLANG_WARN_OBJC_ROOT_CLASS = YES_ERROR;
				CLANG_WARN_UNREACHABLE_CODE = YES;
				CLANG_WARN__DUPLICATE_METHOD_MATCH = YES;
				"CODE_SIGN_IDENTITY[sdk=iphoneos*]" = "iPhone Developer";
				COPY_PHASE_STRIP = NO;
				DEBUG_INFORMATION_FORMAT = "dwarf-with-dsym";
				ENABLE_NS_ASSERTIONS = NO;
				ENABLE_STRICT_OBJC_MSGSEND = YES;
				GCC_C_LANGUAGE_STANDARD = gnu99;
				GCC_NO_COMMON_BLOCKS = YES;
				GCC_WARN_64_TO_32_BIT_CONVERSION = YES;
				GCC_WARN_ABOUT_RETURN_TYPE = YES_ERROR;
				GCC_WARN_UNDECLARED_SELECTOR = YES;
				GCC_WARN_UNINITIALIZED_AUTOS = YES_AGGRESSIVE;
				GCC_WARN_UNUSED_FUNCTION = YES;
				GCC_WARN_UNUSED_VARIABLE = YES;
				IPHONEOS_DEPLOYMENT_TARGET = 8.3;
				MTL_ENABLE_DEBUG_INFO = NO;
				SDKROOT = iphoneos;
				VALIDATE_PRODUCT = YES;
			};
			name = Release;
		};
		FD3624CF1B1B222D00AEE687 /* Debug */ = {
			isa = XCBuildConfiguration;
			buildSettings = {
				ASSETCATALOG_COMPILER_APPICON_NAME = AppIcon;
				HEADER_SEARCH_PATHS = (
					"$(inherited)",
					/Applications/Xcode.app/Contents/Developer/Toolchains/XcodeDefault.xctoolchain/usr/include,
					"Thirdparty2/**",
				);
				INFOPLIST_FILE = "API Project/Info.plist";
				LD_RUNPATH_SEARCH_PATHS = "$(inherited) @executable_path/Frameworks";
				PRODUCT_NAME = "$(TARGET_NAME)";
			};
			name = Debug;
		};
		FD3624D01B1B222D00AEE687 /* Release */ = {
			isa = XCBuildConfiguration;
			buildSettings = {
				ASSETCATALOG_COMPILER_APPICON_NAME = AppIcon;
				HEADER_SEARCH_PATHS = (
					"$(inherited)",
					/Applications/Xcode.app/Contents/Developer/Toolchains/XcodeDefault.xctoolchain/usr/include,
					"Thirdparty2/**",
				);
				INFOPLIST_FILE = "API Project/Info.plist";
				LD_RUNPATH_SEARCH_PATHS = "$(inherited) @executable_path/Frameworks";
				PRODUCT_NAME = "$(TARGET_NAME)";
			};
			name = Release;
		};
		FD3624D21B1B222D00AEE687 /* Debug */ = {
			isa = XCBuildConfiguration;
			buildSettings = {
				BUNDLE_LOADER = "$(TEST_HOST)";
				FRAMEWORK_SEARCH_PATHS = (
					"$(SDKROOT)/Developer/Library/Frameworks",
					"$(inherited)",
				);
				GCC_PREPROCESSOR_DEFINITIONS = (
					"DEBUG=1",
					"$(inherited)",
				);
				INFOPLIST_FILE = "API ProjectTests/Info.plist";
				LD_RUNPATH_SEARCH_PATHS = "$(inherited) @executable_path/Frameworks @loader_path/Frameworks";
				PRODUCT_NAME = "$(TARGET_NAME)";
				TEST_HOST = "$(BUILT_PRODUCTS_DIR)/API Project.app/API Project";
			};
			name = Debug;
		};
		FD3624D31B1B222D00AEE687 /* Release */ = {
			isa = XCBuildConfiguration;
			buildSettings = {
				BUNDLE_LOADER = "$(TEST_HOST)";
				FRAMEWORK_SEARCH_PATHS = (
					"$(SDKROOT)/Developer/Library/Frameworks",
					"$(inherited)",
				);
				INFOPLIST_FILE = "API ProjectTests/Info.plist";
				LD_RUNPATH_SEARCH_PATHS = "$(inherited) @executable_path/Frameworks @loader_path/Frameworks";
				PRODUCT_NAME = "$(TARGET_NAME)";
				TEST_HOST = "$(BUILT_PRODUCTS_DIR)/API Project.app/API Project";
			};
			name = Release;
		};
/* End XCBuildConfiguration section */

/* Begin XCConfigurationList section */
		FD3624A31B1B222C00AEE687 /* Build configuration list for PBXProject "API Project" */ = {
			isa = XCConfigurationList;
			buildConfigurations = (
				FD3624CC1B1B222D00AEE687 /* Debug */,
				FD3624CD1B1B222D00AEE687 /* Release */,
			);
			defaultConfigurationIsVisible = 0;
			defaultConfigurationName = Release;
		};
		FD3624CE1B1B222D00AEE687 /* Build configuration list for PBXNativeTarget "API Project" */ = {
			isa = XCConfigurationList;
			buildConfigurations = (
				FD3624CF1B1B222D00AEE687 /* Debug */,
				FD3624D01B1B222D00AEE687 /* Release */,
			);
			defaultConfigurationIsVisible = 0;
		};
		FD3624D11B1B222D00AEE687 /* Build configuration list for PBXNativeTarget "API ProjectTests" */ = {
			isa = XCConfigurationList;
			buildConfigurations = (
				FD3624D21B1B222D00AEE687 /* Debug */,
				FD3624D31B1B222D00AEE687 /* Release */,
			);
			defaultConfigurationIsVisible = 0;
		};
/* End XCConfigurationList section */

/* Begin XCVersionGroup section */
		FD3624B21B1B222C00AEE687 /* API_Project.xcdatamodeld */ = {
			isa = XCVersionGroup;
			children = (
				FD3624B31B1B222C00AEE687 /* API_Project.xcdatamodel */,
			);
			currentVersion = FD3624B31B1B222C00AEE687 /* API_Project.xcdatamodel */;
			path = API_Project.xcdatamodeld;
			sourceTree = "<group>";
			versionGroupType = wrapper.xcdatamodel;
		};
/* End XCVersionGroup section */
	};
	rootObject = FD3624A01B1B222C00AEE687 /* Project object */;
}
