// !$*UTF8*$!
{
	archiveVersion = 1;
	classes = {
	};
	objectVersion = 46;
	objects = {

/* Begin PBXBuildFile section */
		FD6FE3BD1ADD849D00C048D8 /* main.m in Sources */ = {isa = PBXBuildFile; fileRef = FD6FE3BC1ADD849D00C048D8 /* main.m */; };
		FD6FE3C01ADD849D00C048D8 /* AppDelegate.m in Sources */ = {isa = PBXBuildFile; fileRef = FD6FE3BF1ADD849D00C048D8 /* AppDelegate.m */; };
		FD6FE3C31ADD849D00C048D8 /* FirstViewController.m in Sources */ = {isa = PBXBuildFile; fileRef = FD6FE3C21ADD849D00C048D8 /* FirstViewController.m */; };
		FD6FE3C61ADD849D00C048D8 /* SecondViewController.m in Sources */ = {isa = PBXBuildFile; fileRef = FD6FE3C51ADD849D00C048D8 /* SecondViewController.m */; };
		FD6FE3C91ADD849D00C048D8 /* Main.storyboard in Resources */ = {isa = PBXBuildFile; fileRef = FD6FE3C71ADD849D00C048D8 /* Main.storyboard */; };
		FD6FE3CB1ADD849D00C048D8 /* Images.xcassets in Resources */ = {isa = PBXBuildFile; fileRef = FD6FE3CA1ADD849D00C048D8 /* Images.xcassets */; };
		FD6FE3CE1ADD849D00C048D8 /* LaunchScreen.xib in Resources */ = {isa = PBXBuildFile; fileRef = FD6FE3CC1ADD849D00C048D8 /* LaunchScreen.xib */; };
		FD6FE3DA1ADD849D00C048D8 /* Project7Tests.m in Sources */ = {isa = PBXBuildFile; fileRef = FD6FE3D91ADD849D00C048D8 /* Project7Tests.m */; };
/* End PBXBuildFile section */

/* Begin PBXContainerItemProxy section */
		FD6FE3D41ADD849D00C048D8 /* PBXContainerItemProxy */ = {
			isa = PBXContainerItemProxy;
			containerPortal = FD6FE3AF1ADD849D00C048D8 /* Project object */;
			proxyType = 1;
			remoteGlobalIDString = FD6FE3B61ADD849D00C048D8;
			remoteInfo = Project7;
		};
/* End PBXContainerItemProxy section */

/* Begin PBXFileReference section */
		FD6FE3B71ADD849D00C048D8 /* Project7.app */ = {isa = PBXFileReference; explicitFileType = wrapper.application; includeInIndex = 0; path = Project7.app; sourceTree = BUILT_PRODUCTS_DIR; };
		FD6FE3BB1ADD849D00C048D8 /* Info.plist */ = {isa = PBXFileReference; lastKnownFileType = text.plist.xml; path = Info.plist; sourceTree = "<group>"; };
		FD6FE3BC1ADD849D00C048D8 /* main.m */ = {isa = PBXFileReference; lastKnownFileType = sourcecode.c.objc; path = main.m; sourceTree = "<group>"; };
		FD6FE3BE1ADD849D00C048D8 /* AppDelegate.h */ = {isa = PBXFileReference; lastKnownFileType = sourcecode.c.h; path = AppDelegate.h; sourceTree = "<group>"; };
		FD6FE3BF1ADD849D00C048D8 /* AppDelegate.m */ = {isa = PBXFileReference; lastKnownFileType = sourcecode.c.objc; path = AppDelegate.m; sourceTree = "<group>"; };
		FD6FE3C11ADD849D00C048D8 /* FirstViewController.h */ = {isa = PBXFileReference; lastKnownFileType = sourcecode.c.h; path = FirstViewController.h; sourceTree = "<group>"; };
		FD6FE3C21ADD849D00C048D8 /* FirstViewController.m */ = {isa = PBXFileReference; lastKnownFileType = sourcecode.c.objc; path = FirstViewController.m; sourceTree = "<group>"; };
		FD6FE3C41ADD849D00C048D8 /* SecondViewController.h */ = {isa = PBXFileReference; lastKnownFileType = sourcecode.c.h; path = SecondViewController.h; sourceTree = "<group>"; };
		FD6FE3C51ADD849D00C048D8 /* SecondViewController.m */ = {isa = PBXFileReference; lastKnownFileType = sourcecode.c.objc; path = SecondViewController.m; sourceTree = "<group>"; };
		FD6FE3C81ADD849D00C048D8 /* Base */ = {isa = PBXFileReference; lastKnownFileType = file.storyboard; name = Base; path = Base.lproj/Main.storyboard; sourceTree = "<group>"; };
		FD6FE3CA1ADD849D00C048D8 /* Images.xcassets */ = {isa = PBXFileReference; lastKnownFileType = folder.assetcatalog; path = Images.xcassets; sourceTree = "<group>"; };
		FD6FE3CD1ADD849D00C048D8 /* Base */ = {isa = PBXFileReference; lastKnownFileType = file.xib; name = Base; path = Base.lproj/LaunchScreen.xib; sourceTree = "<group>"; };
		FD6FE3D31ADD849D00C048D8 /* Project7Tests.xctest */ = {isa = PBXFileReference; explicitFileType = wrapper.cfbundle; includeInIndex = 0; path = Project7Tests.xctest; sourceTree = BUILT_PRODUCTS_DIR; };
		FD6FE3D81ADD849D00C048D8 /* Info.plist */ = {isa = PBXFileReference; lastKnownFileType = text.plist.xml; path = Info.plist; sourceTree = "<group>"; };
		FD6FE3D91ADD849D00C048D8 /* Project7Tests.m */ = {isa = PBXFileReference; lastKnownFileType = sourcecode.c.objc; path = Project7Tests.m; sourceTree = "<group>"; };
/* End PBXFileReference section */

/* Begin PBXFrameworksBuildPhase section */
		FD6FE3B41ADD849D00C048D8 /* Frameworks */ = {
			isa = PBXFrameworksBuildPhase;
			buildActionMask = 2147483647;
			files = (
			);
			runOnlyForDeploymentPostprocessing = 0;
		};
		FD6FE3D01ADD849D00C048D8 /* Frameworks */ = {
			isa = PBXFrameworksBuildPhase;
			buildActionMask = 2147483647;
			files = (
			);
			runOnlyForDeploymentPostprocessing = 0;
		};
/* End PBXFrameworksBuildPhase section */

/* Begin PBXGroup section */
		FD6FE3AE1ADD849D00C048D8 = {
			isa = PBXGroup;
			children = (
				FD6FE3B91ADD849D00C048D8 /* Project7 */,
				FD6FE3D61ADD849D00C048D8 /* Project7Tests */,
				FD6FE3B81ADD849D00C048D8 /* Products */,
			);
			sourceTree = "<group>";
		};
		FD6FE3B81ADD849D00C048D8 /* Products */ = {
			isa = PBXGroup;
			children = (
				FD6FE3B71ADD849D00C048D8 /* Project7.app */,
				FD6FE3D31ADD849D00C048D8 /* Project7Tests.xctest */,
			);
			name = Products;
			sourceTree = "<group>";
		};
		FD6FE3B91ADD849D00C048D8 /* Project7 */ = {
			isa = PBXGroup;
			children = (
				FD6FE3BE1ADD849D00C048D8 /* AppDelegate.h */,
				FD6FE3BF1ADD849D00C048D8 /* AppDelegate.m */,
				FD6FE3C11ADD849D00C048D8 /* FirstViewController.h */,
				FD6FE3C21ADD849D00C048D8 /* FirstViewController.m */,
				FD6FE3C41ADD849D00C048D8 /* SecondViewController.h */,
				FD6FE3C51ADD849D00C048D8 /* SecondViewController.m */,
				FD6FE3C71ADD849D00C048D8 /* Main.storyboard */,
				FD6FE3CA1ADD849D00C048D8 /* Images.xcassets */,
				FD6FE3CC1ADD849D00C048D8 /* LaunchScreen.xib */,
				FD6FE3BA1ADD849D00C048D8 /* Supporting Files */,
			);
			path = Project7;
			sourceTree = "<group>";
		};
		FD6FE3BA1ADD849D00C048D8 /* Supporting Files */ = {
			isa = PBXGroup;
			children = (
				FD6FE3BB1ADD849D00C048D8 /* Info.plist */,
				FD6FE3BC1ADD849D00C048D8 /* main.m */,
			);
			name = "Supporting Files";
			sourceTree = "<group>";
		};
		FD6FE3D61ADD849D00C048D8 /* Project7Tests */ = {
			isa = PBXGroup;
			children = (
				FD6FE3D91ADD849D00C048D8 /* Project7Tests.m */,
				FD6FE3D71ADD849D00C048D8 /* Supporting Files */,
			);
			path = Project7Tests;
			sourceTree = "<group>";
		};
		FD6FE3D71ADD849D00C048D8 /* Supporting Files */ = {
			isa = PBXGroup;
			children = (
				FD6FE3D81ADD849D00C048D8 /* Info.plist */,
			);
			name = "Supporting Files";
			sourceTree = "<group>";
		};
/* End PBXGroup section */

/* Begin PBXNativeTarget section */
		FD6FE3B61ADD849D00C048D8 /* Project7 */ = {
			isa = PBXNativeTarget;
			buildConfigurationList = FD6FE3DD1ADD849D00C048D8 /* Build configuration list for PBXNativeTarget "Project7" */;
			buildPhases = (
				FD6FE3B31ADD849D00C048D8 /* Sources */,
				FD6FE3B41ADD849D00C048D8 /* Frameworks */,
				FD6FE3B51ADD849D00C048D8 /* Resources */,
			);
			buildRules = (
			);
			dependencies = (
			);
			name = Project7;
			productName = Project7;
			productReference = FD6FE3B71ADD849D00C048D8 /* Project7.app */;
			productType = "com.apple.product-type.application";
		};
		FD6FE3D21ADD849D00C048D8 /* Project7Tests */ = {
			isa = PBXNativeTarget;
			buildConfigurationList = FD6FE3E01ADD849D00C048D8 /* Build configuration list for PBXNativeTarget "Project7Tests" */;
			buildPhases = (
				FD6FE3CF1ADD849D00C048D8 /* Sources */,
				FD6FE3D01ADD849D00C048D8 /* Frameworks */,
				FD6FE3D11ADD849D00C048D8 /* Resources */,
			);
			buildRules = (
			);
			dependencies = (
				FD6FE3D51ADD849D00C048D8 /* PBXTargetDependency */,
			);
			name = Project7Tests;
			productName = Project7Tests;
			productReference = FD6FE3D31ADD849D00C048D8 /* Project7Tests.xctest */;
			productType = "com.apple.product-type.bundle.unit-test";
		};
/* End PBXNativeTarget section */

/* Begin PBXProject section */
		FD6FE3AF1ADD849D00C048D8 /* Project object */ = {
			isa = PBXProject;
			attributes = {
				LastUpgradeCheck = 0630;
				ORGANIZATIONNAME = Mac;
				TargetAttributes = {
					FD6FE3B61ADD849D00C048D8 = {
						CreatedOnToolsVersion = 6.3;
					};
					FD6FE3D21ADD849D00C048D8 = {
						CreatedOnToolsVersion = 6.3;
						TestTargetID = FD6FE3B61ADD849D00C048D8;
					};
				};
			};
			buildConfigurationList = FD6FE3B21ADD849D00C048D8 /* Build configuration list for PBXProject "Project7" */;
			compatibilityVersion = "Xcode 3.2";
			developmentRegion = English;
			hasScannedForEncodings = 0;
			knownRegions = (
				en,
				Base,
			);
			mainGroup = FD6FE3AE1ADD849D00C048D8;
			productRefGroup = FD6FE3B81ADD849D00C048D8 /* Products */;
			projectDirPath = "";
			projectRoot = "";
			targets = (
				FD6FE3B61ADD849D00C048D8 /* Project7 */,
				FD6FE3D21ADD849D00C048D8 /* Project7Tests */,
			);
		};
/* End PBXProject section */

/* Begin PBXResourcesBuildPhase section */
		FD6FE3B51ADD849D00C048D8 /* Resources */ = {
			isa = PBXResourcesBuildPhase;
			buildActionMask = 2147483647;
			files = (
				FD6FE3C91ADD849D00C048D8 /* Main.storyboard in Resources */,
				FD6FE3CE1ADD849D00C048D8 /* LaunchScreen.xib in Resources */,
				FD6FE3CB1ADD849D00C048D8 /* Images.xcassets in Resources */,
			);
			runOnlyForDeploymentPostprocessing = 0;
		};
		FD6FE3D11ADD849D00C048D8 /* Resources */ = {
			isa = PBXResourcesBuildPhase;
			buildActionMask = 2147483647;
			files = (
			);
			runOnlyForDeploymentPostprocessing = 0;
		};
/* End PBXResourcesBuildPhase section */

/* Begin PBXSourcesBuildPhase section */
		FD6FE3B31ADD849D00C048D8 /* Sources */ = {
			isa = PBXSourcesBuildPhase;
			buildActionMask = 2147483647;
			files = (
				FD6FE3C61ADD849D00C048D8 /* SecondViewController.m in Sources */,
				FD6FE3C01ADD849D00C048D8 /* AppDelegate.m in Sources */,
				FD6FE3C31ADD849D00C048D8 /* FirstViewController.m in Sources */,
				FD6FE3BD1ADD849D00C048D8 /* main.m in Sources */,
			);
			runOnlyForDeploymentPostprocessing = 0;
		};
		FD6FE3CF1ADD849D00C048D8 /* Sources */ = {
			isa = PBXSourcesBuildPhase;
			buildActionMask = 2147483647;
			files = (
				FD6FE3DA1ADD849D00C048D8 /* Project7Tests.m in Sources */,
			);
			runOnlyForDeploymentPostprocessing = 0;
		};
/* End PBXSourcesBuildPhase section */

/* Begin PBXTargetDependency section */
		FD6FE3D51ADD849D00C048D8 /* PBXTargetDependency */ = {
			isa = PBXTargetDependency;
			target = FD6FE3B61ADD849D00C048D8 /* Project7 */;
			targetProxy = FD6FE3D41ADD849D00C048D8 /* PBXContainerItemProxy */;
		};
/* End PBXTargetDependency section */

/* Begin PBXVariantGroup section */
		FD6FE3C71ADD849D00C048D8 /* Main.storyboard */ = {
			isa = PBXVariantGroup;
			children = (
				FD6FE3C81ADD849D00C048D8 /* Base */,
			);
			name = Main.storyboard;
			sourceTree = "<group>";
		};
		FD6FE3CC1ADD849D00C048D8 /* LaunchScreen.xib */ = {
			isa = PBXVariantGroup;
			children = (
				FD6FE3CD1ADD849D00C048D8 /* Base */,
			);
			name = LaunchScreen.xib;
			sourceTree = "<group>";
		};
/* End PBXVariantGroup section */

/* Begin XCBuildConfiguration section */
		FD6FE3DB1ADD849D00C048D8 /* Debug */ = {
			isa = XCBuildConfiguration;
			buildSettings = {
				ALWAYS_SEARCH_USER_PATHS = NO;
				CLANG_CXX_LANGUAGE_STANDARD = "gnu++0x";
				CLANG_CXX_LIBRARY = "libc++";
				CLANG_ENABLE_MODULES = YES;
				CLANG_ENABLE_OBJC_ARC = YES;
				CLANG_WARN_BOOL_CONVERSION = YES;
				CLANG_WARN_CONSTANT_CONVERSION = YES;
				CLANG_WARN_DIRECT_OBJC_ISA_USAGE = YES_ERROR;
				CLANG_WARN_EMPTY_BODY = YES;
				CLANG_WARN_ENUM_CONVERSION = YES;
				CLANG_WARN_INT_CONVERSION = YES;
				CLANG_WARN_OBJC_ROOT_CLASS = YES_ERROR;
				CLANG_WARN_UNREACHABLE_CODE = YES;
				CLANG_WARN__DUPLICATE_METHOD_MATCH = YES;
				"CODE_SIGN_IDENTITY[sdk=iphoneos*]" = "iPhone Developer";
				COPY_PHASE_STRIP = NO;
				DEBUG_INFORMATION_FORMAT = "dwarf-with-dsym";
				ENABLE_STRICT_OBJC_MSGSEND = YES;
				GCC_C_LANGUAGE_STANDARD = gnu99;
				GCC_DYNAMIC_NO_PIC = NO;
				GCC_NO_COMMON_BLOCKS = YES;
				GCC_OPTIMIZATION_LEVEL = 0;
				GCC_PREPROCESSOR_DEFINITIONS = (
					"DEBUG=1",
					"$(inherited)",
				);
				GCC_SYMBOLS_PRIVATE_EXTERN = NO;
				GCC_WARN_64_TO_32_BIT_CONVERSION = YES;
				GCC_WARN_ABOUT_RETURN_TYPE = YES_ERROR;
				GCC_WARN_UNDECLARED_SELECTOR = YES;
				GCC_WARN_UNINITIALIZED_AUTOS = YES_AGGRESSIVE;
				GCC_WARN_UNUSED_FUNCTION = YES;
				GCC_WARN_UNUSED_VARIABLE = YES;
				IPHONEOS_DEPLOYMENT_TARGET = 8.3;
				MTL_ENABLE_DEBUG_INFO = YES;
				ONLY_ACTIVE_ARCH = YES;
				SDKROOT = iphoneos;
			};
			name = Debug;
		};
		FD6FE3DC1ADD849D00C048D8 /* Release */ = {
			isa = XCBuildConfiguration;
			buildSettings = {
				ALWAYS_SEARCH_USER_PATHS = NO;
				CLANG_CXX_LANGUAGE_STANDARD = "gnu++0x";
				CLANG_CXX_LIBRARY = "libc++";
				CLANG_ENABLE_MODULES = YES;
				CLANG_ENABLE_OBJC_ARC = YES;
				CLANG_WARN_BOOL_CONVERSION = YES;
				CLANG_WARN_CONSTANT_CONVERSION = YES;
				CLANG_WARN_DIRECT_OBJC_ISA_USAGE = YES_ERROR;
				CLANG_WARN_EMPTY_BODY = YES;
				CLANG_WARN_ENUM_CONVERSION = YES;
				CLANG_WARN_INT_CONVERSION = YES;
				CLANG_WARN_OBJC_ROOT_CLASS = YES_ERROR;
				CLANG_WARN_UNREACHABLE_CODE = YES;
				CLANG_WARN__DUPLICATE_METHOD_MATCH = YES;
				"CODE_SIGN_IDENTITY[sdk=iphoneos*]" = "iPhone Developer";
				COPY_PHASE_STRIP = NO;
				DEBUG_INFORMATION_FORMAT = "dwarf-with-dsym";
				ENABLE_NS_ASSERTIONS = NO;
				ENABLE_STRICT_OBJC_MSGSEND = YES;
				GCC_C_LANGUAGE_STANDARD = gnu99;
				GCC_NO_COMMON_BLOCKS = YES;
				GCC_WARN_64_TO_32_BIT_CONVERSION = YES;
				GCC_WARN_ABOUT_RETURN_TYPE = YES_ERROR;
				GCC_WARN_UNDECLARED_SELECTOR = YES;
				GCC_WARN_UNINITIALIZED_AUTOS = YES_AGGRESSIVE;
				GCC_WARN_UNUSED_FUNCTION = YES;
				GCC_WARN_UNUSED_VARIABLE = YES;
				IPHONEOS_DEPLOYMENT_TARGET = 8.3;
				MTL_ENABLE_DEBUG_INFO = NO;
				SDKROOT = iphoneos;
				VALIDATE_PRODUCT = YES;
			};
			name = Release;
		};
		FD6FE3DE1ADD849D00C048D8 /* Debug */ = {
			isa = XCBuildConfiguration;
			buildSettings = {
				ASSETCATALOG_COMPILER_APPICON_NAME = AppIcon;
				INFOPLIST_FILE = Project7/Info.plist;
				LD_RUNPATH_SEARCH_PATHS = "$(inherited) @executable_path/Frameworks";
				PRODUCT_NAME = "$(TARGET_NAME)";
			};
			name = Debug;
		};
		FD6FE3DF1ADD849D00C048D8 /* Release */ = {
			isa = XCBuildConfiguration;
			buildSettings = {
				ASSETCATALOG_COMPILER_APPICON_NAME = AppIcon;
				INFOPLIST_FILE = Project7/Info.plist;
				LD_RUNPATH_SEARCH_PATHS = "$(inherited) @executable_path/Frameworks";
				PRODUCT_NAME = "$(TARGET_NAME)";
			};
			name = Release;
		};
		FD6FE3E11ADD849D00C048D8 /* Debug */ = {
			isa = XCBuildConfiguration;
			buildSettings = {
				BUNDLE_LOADER = "$(TEST_HOST)";
				FRAMEWORK_SEARCH_PATHS = (
					"$(SDKROOT)/Developer/Library/Frameworks",
					"$(inherited)",
				);
				GCC_PREPROCESSOR_DEFINITIONS = (
					"DEBUG=1",
					"$(inherited)",
				);
				INFOPLIST_FILE = Project7Tests/Info.plist;
				LD_RUNPATH_SEARCH_PATHS = "$(inherited) @executable_path/Frameworks @loader_path/Frameworks";
				PRODUCT_NAME = "$(TARGET_NAME)";
				TEST_HOST = "$(BUILT_PRODUCTS_DIR)/Project7.app/Project7";
			};
			name = Debug;
		};
		FD6FE3E21ADD849D00C048D8 /* Release */ = {
			isa = XCBuildConfiguration;
			buildSettings = {
				BUNDLE_LOADER = "$(TEST_HOST)";
				FRAMEWORK_SEARCH_PATHS = (
					"$(SDKROOT)/Developer/Library/Frameworks",
					"$(inherited)",
				);
				INFOPLIST_FILE = Project7Tests/Info.plist;
				LD_RUNPATH_SEARCH_PATHS = "$(inherited) @executable_path/Frameworks @loader_path/Frameworks";
				PRODUCT_NAME = "$(TARGET_NAME)";
				TEST_HOST = "$(BUILT_PRODUCTS_DIR)/Project7.app/Project7";
			};
			name = Release;
		};
/* End XCBuildConfiguration section */

/* Begin XCConfigurationList section */
		FD6FE3B21ADD849D00C048D8 /* Build configuration list for PBXProject "Project7" */ = {
			isa = XCConfigurationList;
			buildConfigurations = (
				FD6FE3DB1ADD849D00C048D8 /* Debug */,
				FD6FE3DC1ADD849D00C048D8 /* Release */,
			);
			defaultConfigurationIsVisible = 0;
			defaultConfigurationName = Release;
		};
		FD6FE3DD1ADD849D00C048D8 /* Build configuration list for PBXNativeTarget "Project7" */ = {
			isa = XCConfigurationList;
			buildConfigurations = (
				FD6FE3DE1ADD849D00C048D8 /* Debug */,
				FD6FE3DF1ADD849D00C048D8 /* Release */,
			);
			defaultConfigurationIsVisible = 0;
		};
		FD6FE3E01ADD849D00C048D8 /* Build configuration list for PBXNativeTarget "Project7Tests" */ = {
			isa = XCConfigurationList;
			buildConfigurations = (
				FD6FE3E11ADD849D00C048D8 /* Debug */,
				FD6FE3E21ADD849D00C048D8 /* Release */,
			);
			defaultConfigurationIsVisible = 0;
		};
/* End XCConfigurationList section */
	};
	rootObject = FD6FE3AF1ADD849D00C048D8 /* Project object */;
}
